<?xml version="1.0" encoding="UTF-8" standalone="yes" ?>
<CodeBlocks_project_file>
	<FileVersion major="1" minor="6" />
	<Project>
		<Option title="ANYNT" />
		<Option pch_mode="2" />
		<Option compiler="gcc" />
		<Build>
			<Target title="Debug">
				<Option output="bin/Debug/ANYNT" prefix_auto="1" extension_auto="1" />
				<Option object_output="obj/Debug/" />
				<Option type="1" />
				<Option compiler="gcc" />
				<Compiler>
					<Add option="-g" />
					<Add directory="include" />
				</Compiler>
			</Target>
			<Target title="Release">
				<Option output="bin/Release/ANYNT" prefix_auto="1" extension_auto="1" />
				<Option object_output="obj/Release/" />
				<Option type="1" />
				<Option compiler="gcc" />
				<Compiler>
					<Add option="-O2" />
					<Add directory="include" />
				</Compiler>
				<Linker>
					<Add option="-s" />
				</Linker>
			</Target>
		</Build>
		<Compiler>
			<Add option="-Wall" />
			<Add option="-fexceptions" />
		</Compiler>
		<Unit filename="include/Agent.h" />
		<Unit filename="include/AgentUnitTest.h" />
		<Unit filename="include/Bid.h" />
		<Unit filename="include/BiddingLocalSearchAgent.h" />
		<Unit filename="include/BinaryTreeLocalSearchAgent.h" />
		<Unit filename="include/CoopQlearning.h" />
		<Unit filename="include/CoopSarsa.h" />
		<Unit filename="include/DictatorshipLocalSearchAgent.h" />
		<Unit filename="include/Environment.h" />
		<Unit filename="include/EnvironmentUnitTest.h" />
		<Unit filename="include/FrLocalSearch.h" />
		<Unit filename="include/General.hpp" />
		<Unit filename="include/GeneralUnitTest.h" />
		<Unit filename="include/LocalSearchAgent.h" />
		<Unit filename="include/LocalSearchAgentUnitTest.h" />
		<Unit filename="include/Observation.h" />
		<Unit filename="include/Oracle.h" />
		<Unit filename="include/Qlearning.h" />
		<Unit filename="include/RandomAgent.h" />
		<Unit filename="include/Sarsa.h" />
		<Unit filename="include/SpecialAgent.h" />
		<Unit filename="include/Test.h" />
		<Unit filename="include/WocLocalSearch.h" />
		<Unit filename="include/imitativeLocalSearchAgent.h" />
		<Unit filename="main.cpp" />
		<Unit filename="src/Agent.cpp" />
		<Unit filename="src/AgentUnitTest.cpp" />
		<Unit filename="src/Bid.cpp" />
		<Unit filename="src/BiddingLocalSearchAgent.cpp" />
		<Unit filename="src/BinaryTreeLocalSearchAgent.cpp" />
		<Unit filename="src/CoopQlearning.cpp" />
		<Unit filename="src/CoopSarsa.cpp" />
		<Unit filename="src/DictatorshipLocalSearchAgent.cpp" />
		<Unit filename="src/Environment.cpp" />
		<Unit filename="src/EnvironmentUnitTest.cpp" />
		<Unit filename="src/FrLocalSearch.cpp" />
		<Unit filename="src/General.cpp" />
		<Unit filename="src/GeneralUnitTest.cpp" />
		<Unit filename="src/LocalSearchAgent.cpp" />
		<Unit filename="src/LocalSearchAgentUnitTest.cpp" />
		<Unit filename="src/Observation.cpp" />
		<Unit filename="src/Oracle.cpp" />
		<Unit filename="src/Qlearning.cpp" />
		<Unit filename="src/RandomAgent.cpp" />
		<Unit filename="src/Sarsa.cpp" />
		<Unit filename="src/SpecialAgent.cpp" />
		<Unit filename="src/Test.cpp" />
		<Unit filename="src/WocLocalSearch.cpp" />
		<Unit filename="src/imitativeLocalSearchAgent.cpp" />
		<Extensions>
			<code_completion />
			<envvars />
			<debugger />
		</Extensions>
	</Project>
</CodeBlocks_project_file>
